
Microsoft Visual Studio Solution File, Format Version 12.00
# Visual Studio Version 16
VisualStudioVersion = 16.0.31729.503
MinimumVisualStudioVersion = 10.0.40219.1
Project("{FAE04EC0-301F-11D3-BF4B-00C04F79EFBC}") = "ClientRest_20190140053_YogaAdityaPrabowo", "ClientRest_20190140053_YogaAdityaPrabowo\ClientRest_20190140053_YogaAdityaPrabowo.csproj", "{757DF45E-16DA-48FD-A9D6-AC756FCFBDF9}"
EndProject
Global
	GlobalSection(SolutionConfigurationPlatforms) = preSolution
		Debug|Any CPU = Debug|Any CPU
		Release|Any CPU = Release|Any CPU
	EndGlobalSection
	GlobalSection(ProjectConfigurationPlatforms) = postSolution
		{757DF45E-16DA-48FD-A9D6-AC756FCFBDF9}.Debug|Any CPU.ActiveCfg = Debug|Any CPU
		{757DF45E-16DA-48FD-A9D6-AC756FCFBDF9}.Debug|Any CPU.Build.0 = Debug|Any CPU
		{757DF45E-16DA-48FD-A9D6-AC756FCFBDF9}.Release|Any CPU.ActiveCfg = Release|Any CPU
		{757DF45E-16DA-48FD-A9D6-AC756FCFBDF9}.Release|Any CPU.Build.0 = Release|Any CPU
	EndGlobalSection
	GlobalSection(SolutionProperties) = preSolution
		HideSolutionNode = FALSE
	EndGlobalSection
	GlobalSection(ExtensibilityGlobals) = postSolution
		SolutionGuid = {BCD19936-4B62-4382-9C27-CA37EF1D2961}
	EndGlobalSection
EndGlobal
